{
  "name": "@mison/ling",
  "version": "1.0.1",
  "lockfileVersion": 3,
  "requires": true,
  "packages": {
    "": {
      "name": "@mison/ling",
      "version": "1.0.1",
      "hasInstallScript": true,
      "license": "MIT",
      "bin": {
        "ag-kit": "bin/ag-kit.js",
        "ling": "bin/ling.js"
      }
    }
  }
}
